
Microsoft Visual Studio Solution File, Format Version 12.00
# Visual Studio Version 17
VisualStudioVersion = 17.6.33829.357
MinimumVisualStudioVersion = 10.0.40219.1
Project("{FAE04EC0-301F-11D3-BF4B-00C04F79EFBC}") = "SumOfThreeCubesSolver", "SumOfThreeCubesSolver\SumOfThreeCubesSolver.csproj", "{8FB9AAF2-F97B-472B-9CB0-75C4E7EDFF6A}"
EndProject
Global
	GlobalSection(SolutionConfigurationPlatforms) = preSolution
		Debug|Any CPU = Debug|Any CPU
		Release|Any CPU = Release|Any CPU
	EndGlobalSection
	GlobalSection(ProjectConfigurationPlatforms) = postSolution
		{8FB9AAF2-F97B-472B-9CB0-75C4E7EDFF6A}.Debug|Any CPU.ActiveCfg = Debug|Any CPU
		{8FB9AAF2-F97B-472B-9CB0-75C4E7EDFF6A}.Debug|Any CPU.Build.0 = Debug|Any CPU
		{8FB9AAF2-F97B-472B-9CB0-75C4E7EDFF6A}.Release|Any CPU.ActiveCfg = Release|Any CPU
		{8FB9AAF2-F97B-472B-9CB0-75C4E7EDFF6A}.Release|Any CPU.Build.0 = Release|Any CPU
	EndGlobalSection
	GlobalSection(SolutionProperties) = preSolution
		HideSolutionNode = FALSE
	EndGlobalSection
	GlobalSection(ExtensibilityGlobals) = postSolution
		SolutionGuid = {E23998DC-97F0-42A7-B016-C258B88C3610}
	EndGlobalSection
EndGlobal
